
Microsoft Visual Studio Solution File, Format Version 12.00
# Visual Studio 15
VisualStudioVersion = 15.0.27703.2035
MinimumVisualStudioVersion = 10.0.40219.1
Project("{8BC9CEB8-8B4A-11D0-8D11-00A0C91BC942}") = "Mad Libs", "Mad Libs\Mad Libs.vcxproj", "{DD37C7F5-4D9D-4A09-B2D8-D6E189F8ED0A}"
EndProject
Global
	GlobalSection(SolutionConfigurationPlatforms) = preSolution
		Debug|x64 = Debug|x64
		Debug|x86 = Debug|x86
		Release|x64 = Release|x64
		Release|x86 = Release|x86
	EndGlobalSection
	GlobalSection(ProjectConfigurationPlatforms) = postSolution
		{DD37C7F5-4D9D-4A09-B2D8-D6E189F8ED0A}.Debug|x64.ActiveCfg = Debug|x64
		{DD37C7F5-4D9D-4A09-B2D8-D6E189F8ED0A}.Debug|x64.Build.0 = Debug|x64
		{DD37C7F5-4D9D-4A09-B2D8-D6E189F8ED0A}.Debug|x86.ActiveCfg = Debug|Win32
		{DD37C7F5-4D9D-4A09-B2D8-D6E189F8ED0A}.Debug|x86.Build.0 = Debug|Win32
		{DD37C7F5-4D9D-4A09-B2D8-D6E189F8ED0A}.Release|x64.ActiveCfg = Release|x64
		{DD37C7F5-4D9D-4A09-B2D8-D6E189F8ED0A}.Release|x64.Build.0 = Release|x64
		{DD37C7F5-4D9D-4A09-B2D8-D6E189F8ED0A}.Release|x86.ActiveCfg = Release|Win32
		{DD37C7F5-4D9D-4A09-B2D8-D6E189F8ED0A}.Release|x86.Build.0 = Release|Win32
	EndGlobalSection
	GlobalSection(SolutionProperties) = preSolution
		HideSolutionNode = FALSE
	EndGlobalSection
	GlobalSection(ExtensibilityGlobals) = postSolution
		SolutionGuid = {0FFAF6D5-2405-476B-8920-6143DE018B29}
	EndGlobalSection
EndGlobal
